
Microsoft Visual Studio Solution File, Format Version 12.00
# Visual Studio Version 17
VisualStudioVersion = 17.6.33829.357
MinimumVisualStudioVersion = 10.0.40219.1
Project("{8BC9CEB8-8B4A-11D0-8D11-00A0C91BC942}") = "Aurora", "Aurora.vcxproj", "{51539579-0FE1-4079-9E2A-FFEB3E7973EF}"
EndProject
Global
	GlobalSection(SolutionConfigurationPlatforms) = preSolution
		Debug|x64 = Debug|x64
		Debug|x86 = Debug|x86
		Release|x64 = Release|x64
		Release|x86 = Release|x86
		Testing|x64 = Testing|x64
		Testing|x86 = Testing|x86
	EndGlobalSection
	GlobalSection(ProjectConfigurationPlatforms) = postSolution
		{51539579-0FE1-4079-9E2A-FFEB3E7973EF}.Debug|x64.ActiveCfg = Debug|x64
		{51539579-0FE1-4079-9E2A-FFEB3E7973EF}.Debug|x64.Build.0 = Debug|x64
		{51539579-0FE1-4079-9E2A-FFEB3E7973EF}.Debug|x86.ActiveCfg = Debug|Win32
		{51539579-0FE1-4079-9E2A-FFEB3E7973EF}.Debug|x86.Build.0 = Debug|Win32
		{51539579-0FE1-4079-9E2A-FFEB3E7973EF}.Release|x64.ActiveCfg = Release|x64
		{51539579-0FE1-4079-9E2A-FFEB3E7973EF}.Release|x64.Build.0 = Release|x64
		{51539579-0FE1-4079-9E2A-FFEB3E7973EF}.Release|x86.ActiveCfg = Release|Win32
		{51539579-0FE1-4079-9E2A-FFEB3E7973EF}.Release|x86.Build.0 = Release|Win32
		{51539579-0FE1-4079-9E2A-FFEB3E7973EF}.Testing|x64.ActiveCfg = Testing|x64
		{51539579-0FE1-4079-9E2A-FFEB3E7973EF}.Testing|x64.Build.0 = Testing|x64
		{51539579-0FE1-4079-9E2A-FFEB3E7973EF}.Testing|x86.ActiveCfg = Testing|Win32
		{51539579-0FE1-4079-9E2A-FFEB3E7973EF}.Testing|x86.Build.0 = Testing|Win32
	EndGlobalSection
	GlobalSection(SolutionProperties) = preSolution
		HideSolutionNode = FALSE
	EndGlobalSection
	GlobalSection(ExtensibilityGlobals) = postSolution
		SolutionGuid = {2D189F25-286C-4E18-98D2-1D8CA6321E9C}
	EndGlobalSection
EndGlobal
